// !$*UTF8*$!
{
	archiveVersion = 1;
	classes = {
	};
	objectVersion = 46;
	objects = {

/* Begin PBXBuildFile section */
		7015444A1DFE8151003A7181 /* VCSpecs.framework in Frameworks */ = {isa = PBXBuildFile; fileRef = 701544401DFE8151003A7181 /* VCSpecs.framework */; };
		7015444F1DFE8151003A7181 /* VCSpecsTests.swift in Sources */ = {isa = PBXBuildFile; fileRef = 7015444E1DFE8151003A7181 /* VCSpecsTests.swift */; };
		701544511DFE8151003A7181 /* VCSpecs.h in Headers */ = {isa = PBXBuildFile; fileRef = 701544431DFE8151003A7181 /* VCSpecs.h */; settings = {ATTRIBUTES = (Public, ); }; };
		701544691DFE856D003A7181 /* VCSpecDSL.swift in Sources */ = {isa = PBXBuildFile; fileRef = 701544651DFE856D003A7181 /* VCSpecDSL.swift */; };
		7015446A1DFE856D003A7181 /* VCSpec.h in Headers */ = {isa = PBXBuildFile; fileRef = 701544661DFE856D003A7181 /* VCSpec.h */; settings = {ATTRIBUTES = (Public, ); }; };
		7015446B1DFE856D003A7181 /* VCSpec.m in Sources */ = {isa = PBXBuildFile; fileRef = 701544671DFE856D003A7181 /* VCSpec.m */; };
		7015446C1DFE856D003A7181 /* VCTestHolder.swift in Sources */ = {isa = PBXBuildFile; fileRef = 701544681DFE856D003A7181 /* VCTestHolder.swift */; };
		7015446E1DFE8BBE003A7181 /* SwiftInterfaces.h in Headers */ = {isa = PBXBuildFile; fileRef = 7015446D1DFE8B4F003A7181 /* SwiftInterfaces.h */; };
/* End PBXBuildFile section */

/* Begin PBXContainerItemProxy section */
		7015444B1DFE8151003A7181 /* PBXContainerItemProxy */ = {
			isa = PBXContainerItemProxy;
			containerPortal = 701544371DFE8151003A7181 /* Project object */;
			proxyType = 1;
			remoteGlobalIDString = 7015443F1DFE8151003A7181;
			remoteInfo = VCSpecs;
		};
/* End PBXContainerItemProxy section */

/* Begin PBXFileReference section */
		701544401DFE8151003A7181 /* VCSpecs.framework */ = {isa = PBXFileReference; explicitFileType = wrapper.framework; includeInIndex = 0; path = VCSpecs.framework; sourceTree = BUILT_PRODUCTS_DIR; };
		701544431DFE8151003A7181 /* VCSpecs.h */ = {isa = PBXFileReference; lastKnownFileType = sourcecode.c.h; path = VCSpecs.h; sourceTree = "<group>"; };
		701544441DFE8151003A7181 /* Info.plist */ = {isa = PBXFileReference; lastKnownFileType = text.plist.xml; path = Info.plist; sourceTree = "<group>"; };
		701544491DFE8151003A7181 /* VCSpecsTests.xctest */ = {isa = PBXFileReference; explicitFileType = wrapper.cfbundle; includeInIndex = 0; path = VCSpecsTests.xctest; sourceTree = BUILT_PRODUCTS_DIR; };
		7015444E1DFE8151003A7181 /* VCSpecsTests.swift */ = {isa = PBXFileReference; lastKnownFileType = sourcecode.swift; path = VCSpecsTests.swift; sourceTree = "<group>"; };
		701544501DFE8151003A7181 /* Info.plist */ = {isa = PBXFileReference; lastKnownFileType = text.plist.xml; path = Info.plist; sourceTree = "<group>"; };
		701544621DFE84DF003A7181 /* XCTest.framework */ = {isa = PBXFileReference; lastKnownFileType = wrapper.framework; name = XCTest.framework; path = Platforms/iPhoneOS.platform/Developer/Library/Frameworks/XCTest.framework; sourceTree = DEVELOPER_DIR; };
		701544651DFE856D003A7181 /* VCSpecDSL.swift */ = {isa = PBXFileReference; fileEncoding = 4; lastKnownFileType = sourcecode.swift; path = VCSpecDSL.swift; sourceTree = "<group>"; };
		701544661DFE856D003A7181 /* VCSpec.h */ = {isa = PBXFileReference; fileEncoding = 4; lastKnownFileType = sourcecode.c.h; path = VCSpec.h; sourceTree = "<group>"; };
		701544671DFE856D003A7181 /* VCSpec.m */ = {isa = PBXFileReference; fileEncoding = 4; lastKnownFileType = sourcecode.c.objc; path = VCSpec.m; sourceTree = "<group>"; };
		701544681DFE856D003A7181 /* VCTestHolder.swift */ = {isa = PBXFileReference; fileEncoding = 4; lastKnownFileType = sourcecode.swift; path = VCTestHolder.swift; sourceTree = "<group>"; };
		7015446D1DFE8B4F003A7181 /* SwiftInterfaces.h */ = {isa = PBXFileReference; lastKnownFileType = sourcecode.c.h; path = SwiftInterfaces.h; sourceTree = "<group>"; };
/* End PBXFileReference section */

/* Begin PBXFrameworksBuildPhase section */
		7015443C1DFE8151003A7181 /* Frameworks */ = {
			isa = PBXFrameworksBuildPhase;
			buildActionMask = 2147483647;
			files = (
			);
			runOnlyForDeploymentPostprocessing = 0;
		};
		701544461DFE8151003A7181 /* Frameworks */ = {
			isa = PBXFrameworksBuildPhase;
			buildActionMask = 2147483647;
			files = (
				7015444A1DFE8151003A7181 /* VCSpecs.framework in Frameworks */,
			);
			runOnlyForDeploymentPostprocessing = 0;
		};
/* End PBXFrameworksBuildPhase section */

/* Begin PBXGroup section */
		701544361DFE8151003A7181 = {
			isa = PBXGroup;
			children = (
				701544421DFE8151003A7181 /* VCSpecs */,
				7015444D1DFE8151003A7181 /* VCSpecsTests */,
				701544411DFE8151003A7181 /* Products */,
				701544611DFE84DF003A7181 /* Frameworks */,
			);
			sourceTree = "<group>";
		};
		701544411DFE8151003A7181 /* Products */ = {
			isa = PBXGroup;
			children = (
				701544401DFE8151003A7181 /* VCSpecs.framework */,
				701544491DFE8151003A7181 /* VCSpecsTests.xctest */,
			);
			name = Products;
			sourceTree = "<group>";
		};
		701544421DFE8151003A7181 /* VCSpecs */ = {
			isa = PBXGroup;
			children = (
				701544651DFE856D003A7181 /* VCSpecDSL.swift */,
				701544661DFE856D003A7181 /* VCSpec.h */,
				701544671DFE856D003A7181 /* VCSpec.m */,
				701544681DFE856D003A7181 /* VCTestHolder.swift */,
				701544431DFE8151003A7181 /* VCSpecs.h */,
				701544441DFE8151003A7181 /* Info.plist */,
				7015446D1DFE8B4F003A7181 /* SwiftInterfaces.h */,
			);
			path = VCSpecs;
			sourceTree = "<group>";
		};
		7015444D1DFE8151003A7181 /* VCSpecsTests */ = {
			isa = PBXGroup;
			children = (
				7015444E1DFE8151003A7181 /* VCSpecsTests.swift */,
				701544501DFE8151003A7181 /* Info.plist */,
			);
			path = VCSpecsTests;
			sourceTree = "<group>";
		};
		701544611DFE84DF003A7181 /* Frameworks */ = {
			isa = PBXGroup;
			children = (
				701544621DFE84DF003A7181 /* XCTest.framework */,
			);
			name = Frameworks;
			sourceTree = "<group>";
		};
/* End PBXGroup section */

/* Begin PBXHeadersBuildPhase section */
		7015443D1DFE8151003A7181 /* Headers */ = {
			isa = PBXHeadersBuildPhase;
			buildActionMask = 2147483647;
			files = (
				7015446A1DFE856D003A7181 /* VCSpec.h in Headers */,
				701544511DFE8151003A7181 /* VCSpecs.h in Headers */,
				7015446E1DFE8BBE003A7181 /* SwiftInterfaces.h in Headers */,
			);
			runOnlyForDeploymentPostprocessing = 0;
		};
/* End PBXHeadersBuildPhase section */

/* Begin PBXNativeTarget section */
		7015443F1DFE8151003A7181 /* VCSpecs */ = {
			isa = PBXNativeTarget;
			buildConfigurationList = 701544541DFE8151003A7181 /* Build configuration list for PBXNativeTarget "VCSpecs" */;
			buildPhases = (
				7015443B1DFE8151003A7181 /* Sources */,
				7015443C1DFE8151003A7181 /* Frameworks */,
				7015443D1DFE8151003A7181 /* Headers */,
				7015443E1DFE8151003A7181 /* Resources */,
			);
			buildRules = (
			);
			dependencies = (
			);
			name = VCSpecs;
			productName = VCSpecs;
			productReference = 701544401DFE8151003A7181 /* VCSpecs.framework */;
			productType = "com.apple.product-type.framework";
		};
		701544481DFE8151003A7181 /* VCSpecsTests */ = {
			isa = PBXNativeTarget;
			buildConfigurationList = 701544571DFE8151003A7181 /* Build configuration list for PBXNativeTarget "VCSpecsTests" */;
			buildPhases = (
				701544451DFE8151003A7181 /* Sources */,
				701544461DFE8151003A7181 /* Frameworks */,
				701544471DFE8151003A7181 /* Resources */,
			);
			buildRules = (
			);
			dependencies = (
				7015444C1DFE8151003A7181 /* PBXTargetDependency */,
			);
			name = VCSpecsTests;
			productName = VCSpecsTests;
			productReference = 701544491DFE8151003A7181 /* VCSpecsTests.xctest */;
			productType = "com.apple.product-type.bundle.unit-test";
		};
/* End PBXNativeTarget section */

/* Begin PBXProject section */
		701544371DFE8151003A7181 /* Project object */ = {
			isa = PBXProject;
			attributes = {
				LastSwiftUpdateCheck = 0810;
				LastUpgradeCheck = 0810;
				ORGANIZATIONNAME = "Randall Brown";
				TargetAttributes = {
					7015443F1DFE8151003A7181 = {
						CreatedOnToolsVersion = 8.1;
						LastSwiftMigration = 0810;
						ProvisioningStyle = Automatic;
					};
					701544481DFE8151003A7181 = {
						CreatedOnToolsVersion = 8.1;
						ProvisioningStyle = Automatic;
					};
				};
			};
			buildConfigurationList = 7015443A1DFE8151003A7181 /* Build configuration list for PBXProject "VCSpecs" */;
			compatibilityVersion = "Xcode 3.2";
			developmentRegion = English;
			hasScannedForEncodings = 0;
			knownRegions = (
				en,
			);
			mainGroup = 701544361DFE8151003A7181;
			productRefGroup = 701544411DFE8151003A7181 /* Products */;
			projectDirPath = "";
			projectRoot = "";
			targets = (
				7015443F1DFE8151003A7181 /* VCSpecs */,
				701544481DFE8151003A7181 /* VCSpecsTests */,
			);
		};
/* End PBXProject section */

/* Begin PBXResourcesBuildPhase section */
		7015443E1DFE8151003A7181 /* Resources */ = {
			isa = PBXResourcesBuildPhase;
			buildActionMask = 2147483647;
			files = (
			);
			runOnlyForDeploymentPostprocessing = 0;
		};
		701544471DFE8151003A7181 /* Resources */ = {
			isa = PBXResourcesBuildPhase;
			buildActionMask = 2147483647;
			files = (
			);
			runOnlyForDeploymentPostprocessing = 0;
		};
/* End PBXResourcesBuildPhase section */

/* Begin PBXSourcesBuildPhase section */
		7015443B1DFE8151003A7181 /* Sources */ = {
			isa = PBXSourcesBuildPhase;
			buildActionMask = 2147483647;
			files = (
				7015446C1DFE856D003A7181 /* VCTestHolder.swift in Sources */,
				701544691DFE856D003A7181 /* VCSpecDSL.swift in Sources */,
				7015446B1DFE856D003A7181 /* VCSpec.m in Sources */,
			);
			runOnlyForDeploymentPostprocessing = 0;
		};
		701544451DFE8151003A7181 /* Sources */ = {
			isa = PBXSourcesBuildPhase;
			buildActionMask = 2147483647;
			files = (
				7015444F1DFE8151003A7181 /* VCSpecsTests.swift in Sources */,
			);
			runOnlyForDeploymentPostprocessing = 0;
		};
/* End PBXSourcesBuildPhase section */

/* Begin PBXTargetDependency section */
		7015444C1DFE8151003A7181 /* PBXTargetDependency */ = {
			isa = PBXTargetDependency;
			target = 7015443F1DFE8151003A7181 /* VCSpecs */;
			targetProxy = 7015444B1DFE8151003A7181 /* PBXContainerItemProxy */;
		};
/* End PBXTargetDependency section */

/* Begin XCBuildConfiguration section */
		701544521DFE8151003A7181 /* Debug */ = {
			isa = XCBuildConfiguration;
			buildSettings = {
				ALWAYS_SEARCH_USER_PATHS = NO;
				CLANG_ALLOW_NON_MODULAR_INCLUDES_IN_FRAMEWORK_MODULES = NO;
				CLANG_ANALYZER_NONNULL = YES;
				CLANG_CXX_LANGUAGE_STANDARD = "gnu++0x";
				CLANG_CXX_LIBRARY = "libc++";
				CLANG_ENABLE_MODULES = YES;
				CLANG_ENABLE_OBJC_ARC = YES;
				CLANG_WARN_BOOL_CONVERSION = YES;
				CLANG_WARN_CONSTANT_CONVERSION = YES;
				CLANG_WARN_DIRECT_OBJC_ISA_USAGE = YES_ERROR;
				CLANG_WARN_DOCUMENTATION_COMMENTS = YES;
				CLANG_WARN_EMPTY_BODY = YES;
				CLANG_WARN_ENUM_CONVERSION = YES;
				CLANG_WARN_INFINITE_RECURSION = YES;
				CLANG_WARN_INT_CONVERSION = YES;
				CLANG_WARN_OBJC_ROOT_CLASS = YES_ERROR;
				CLANG_WARN_SUSPICIOUS_MOVES = YES;
				CLANG_WARN_UNREACHABLE_CODE = YES;
				CLANG_WARN__DUPLICATE_METHOD_MATCH = YES;
				"CODE_SIGN_IDENTITY[sdk=iphoneos*]" = "iPhone Developer";
				COPY_PHASE_STRIP = NO;
				CURRENT_PROJECT_VERSION = 1;
				DEBUG_INFORMATION_FORMAT = dwarf;
				ENABLE_STRICT_OBJC_MSGSEND = YES;
				ENABLE_TESTABILITY = YES;
				FRAMEWORK_SEARCH_PATHS = (
					"$(PLATFORM_DIR)/Developer/Library/Frameworks",
					"$(inherited)",
				);
				GCC_C_LANGUAGE_STANDARD = gnu99;
				GCC_DYNAMIC_NO_PIC = NO;
				GCC_NO_COMMON_BLOCKS = YES;
				GCC_OPTIMIZATION_LEVEL = 0;
				GCC_PREPROCESSOR_DEFINITIONS = (
					"DEBUG=1",
					"$(inherited)",
				);
				GCC_WARN_64_TO_32_BIT_CONVERSION = YES;
				GCC_WARN_ABOUT_RETURN_TYPE = YES_ERROR;
				GCC_WARN_UNDECLARED_SELECTOR = YES;
				GCC_WARN_UNINITIALIZED_AUTOS = YES_AGGRESSIVE;
				GCC_WARN_UNUSED_FUNCTION = YES;
				GCC_WARN_UNUSED_VARIABLE = YES;
				IPHONEOS_DEPLOYMENT_TARGET = 10.1;
				MTL_ENABLE_DEBUG_INFO = YES;
				ONLY_ACTIVE_ARCH = YES;
				SDKROOT = iphoneos;
				SWIFT_ACTIVE_COMPILATION_CONDITIONS = DEBUG;
				SWIFT_OPTIMIZATION_LEVEL = "-Onone";
				TARGETED_DEVICE_FAMILY = "1,2";
				VERSIONING_SYSTEM = "apple-generic";
				VERSION_INFO_PREFIX = "";
			};
			name = Debug;
		};
		701544531DFE8151003A7181 /* Release */ = {
			isa = XCBuildConfiguration;
			buildSettings = {
				ALWAYS_SEARCH_USER_PATHS = NO;
				CLANG_ALLOW_NON_MODULAR_INCLUDES_IN_FRAMEWORK_MODULES = NO;
				CLANG_ANALYZER_NONNULL = YES;
				CLANG_CXX_LANGUAGE_STANDARD = "gnu++0x";
				CLANG_CXX_LIBRARY = "libc++";
				CLANG_ENABLE_MODULES = YES;
				CLANG_ENABLE_OBJC_ARC = YES;
				CLANG_WARN_BOOL_CONVERSION = YES;
				CLANG_WARN_CONSTANT_CONVERSION = YES;
				CLANG_WARN_DIRECT_OBJC_ISA_USAGE = YES_ERROR;
				CLANG_WARN_DOCUMENTATION_COMMENTS = YES;
				CLANG_WARN_EMPTY_BODY = YES;
				CLANG_WARN_ENUM_CONVERSION = YES;
				CLANG_WARN_INFINITE_RECURSION = YES;
				CLANG_WARN_INT_CONVERSION = YES;
				CLANG_WARN_OBJC_ROOT_CLASS = YES_ERROR;
				CLANG_WARN_SUSPICIOUS_MOVES = YES;
				CLANG_WARN_UNREACHABLE_CODE = YES;
				CLANG_WARN__DUPLICATE_METHOD_MATCH = YES;
				"CODE_SIGN_IDENTITY[sdk=iphoneos*]" = "iPhone Developer";
				COPY_PHASE_STRIP = NO;
				CURRENT_PROJECT_VERSION = 1;
				DEBUG_INFORMATION_FORMAT = "dwarf-with-dsym";
				ENABLE_NS_ASSERTIONS = NO;
				ENABLE_STRICT_OBJC_MSGSEND = YES;
				FRAMEWORK_SEARCH_PATHS = (
					"$(PLATFORM_DIR)/Developer/Library/Frameworks",
					"$(inherited)",
				);
				GCC_C_LANGUAGE_STANDARD = gnu99;
				GCC_NO_COMMON_BLOCKS = YES;
				GCC_WARN_64_TO_32_BIT_CONVERSION = YES;
				GCC_WARN_ABOUT_RETURN_TYPE = YES_ERROR;
				GCC_WARN_UNDECLARED_SELECTOR = YES;
				GCC_WARN_UNINITIALIZED_AUTOS = YES_AGGRESSIVE;
				GCC_WARN_UNUSED_FUNCTION = YES;
				GCC_WARN_UNUSED_VARIABLE = YES;
				IPHONEOS_DEPLOYMENT_TARGET = 10.1;
				MTL_ENABLE_DEBUG_INFO = NO;
				SDKROOT = iphoneos;
				SWIFT_OPTIMIZATION_LEVEL = "-Owholemodule";
				TARGETED_DEVICE_FAMILY = "1,2";
				VALIDATE_PRODUCT = YES;
				VERSIONING_SYSTEM = "apple-generic";
				VERSION_INFO_PREFIX = "";
			};
			name = Release;
		};
		701544551DFE8151003A7181 /* Debug */ = {
			isa = XCBuildConfiguration;
			buildSettings = {
				CLANG_ALLOW_NON_MODULAR_INCLUDES_IN_FRAMEWORK_MODULES = NO;
				CLANG_ENABLE_MODULES = YES;
				CODE_SIGN_IDENTITY = "";
				DEFINES_MODULE = YES;
				DYLIB_COMPATIBILITY_VERSION = 1;
				DYLIB_CURRENT_VERSION = 1;
				DYLIB_INSTALL_NAME_BASE = "@rpath";
				INFOPLIST_FILE = VCSpecs/Info.plist;
				INSTALL_PATH = "$(LOCAL_LIBRARY_DIR)/Frameworks";
				LD_RUNPATH_SEARCH_PATHS = "$(inherited) @executable_path/Frameworks @loader_path/Frameworks";
				PRODUCT_BUNDLE_IDENTIFIER = com.Randall.VCSpecs;
				PRODUCT_NAME = "$(TARGET_NAME)";
				SKIP_INSTALL = YES;
				SWIFT_OBJC_BRIDGING_HEADER = "";
				SWIFT_OPTIMIZATION_LEVEL = "-Onone";
				SWIFT_VERSION = 3.0;
			};
			name = Debug;
		};
		701544561DFE8151003A7181 /* Release */ = {
			isa = XCBuildConfiguration;
			buildSettings = {
				CLANG_ALLOW_NON_MODULAR_INCLUDES_IN_FRAMEWORK_MODULES = NO;
				CLANG_ENABLE_MODULES = YES;
				CODE_SIGN_IDENTITY = "";
				DEFINES_MODULE = YES;
				DYLIB_COMPATIBILITY_VERSION = 1;
				DYLIB_CURRENT_VERSION = 1;
				DYLIB_INSTALL_NAME_BASE = "@rpath";
				INFOPLIST_FILE = VCSpecs/Info.plist;
				INSTALL_PATH = "$(LOCAL_LIBRARY_DIR)/Frameworks";
				LD_RUNPATH_SEARCH_PATHS = "$(inherited) @executable_path/Frameworks @loader_path/Frameworks";
				PRODUCT_BUNDLE_IDENTIFIER = com.Randall.VCSpecs;
				PRODUCT_NAME = "$(TARGET_NAME)";
				SKIP_INSTALL = YES;
				SWIFT_OBJC_BRIDGING_HEADER = "";
				SWIFT_VERSION = 3.0;
			};
			name = Release;
		};
		701544581DFE8151003A7181 /* Debug */ = {
			isa = XCBuildConfiguration;
			buildSettings = {
				ALWAYS_EMBED_SWIFT_STANDARD_LIBRARIES = YES;
				INFOPLIST_FILE = VCSpecsTests/Info.plist;
				LD_RUNPATH_SEARCH_PATHS = "$(inherited) @executable_path/Frameworks @loader_path/Frameworks";
				PRODUCT_BUNDLE_IDENTIFIER = com.Randall.VCSpecsTests;
				PRODUCT_NAME = "$(TARGET_NAME)";
				SWIFT_VERSION = 3.0;
			};
			name = Debug;
		};
		701544591DFE8151003A7181 /* Release */ = {
			isa = XCBuildConfiguration;
			buildSettings = {
				ALWAYS_EMBED_SWIFT_STANDARD_LIBRARIES = YES;
				INFOPLIST_FILE = VCSpecsTests/Info.plist;
				LD_RUNPATH_SEARCH_PATHS = "$(inherited) @executable_path/Frameworks @loader_path/Frameworks";
				PRODUCT_BUNDLE_IDENTIFIER = com.Randall.VCSpecsTests;
				PRODUCT_NAME = "$(TARGET_NAME)";
				SWIFT_VERSION = 3.0;
			};
			name = Release;
		};
/* End XCBuildConfiguration section */

/* Begin XCConfigurationList section */
		7015443A1DFE8151003A7181 /* Build configuration list for PBXProject "VCSpecs" */ = {
			isa = XCConfigurationList;
			buildConfigurations = (
				701544521DFE8151003A7181 /* Debug */,
				701544531DFE8151003A7181 /* Release */,
			);
			defaultConfigurationIsVisible = 0;
			defaultConfigurationName = Release;
		};
		701544541DFE8151003A7181 /* Build configuration list for PBXNativeTarget "VCSpecs" */ = {
			isa = XCConfigurationList;
			buildConfigurations = (
				701544551DFE8151003A7181 /* Debug */,
				701544561DFE8151003A7181 /* Release */,
			);
			defaultConfigurationIsVisible = 0;
		};
		701544571DFE8151003A7181 /* Build configuration list for PBXNativeTarget "VCSpecsTests" */ = {
			isa = XCConfigurationList;
			buildConfigurations = (
				701544581DFE8151003A7181 /* Debug */,
				701544591DFE8151003A7181 /* Release */,
			);
			defaultConfigurationIsVisible = 0;
		};
/* End XCConfigurationList section */
	};
	rootObject = 701544371DFE8151003A7181 /* Project object */;
}
